// !$*UTF8*$!
{
	archiveVersion = 1;
	classes = {
	};
	objectVersion = 56;
	objects = {

/* Begin PBXBuildFile section */
		F234863F28F69F1700EBB66E /* CartViewModel.swift in Sources */ = {isa = PBXBuildFile; fileRef = F234863E28F69F1700EBB66E /* CartViewModel.swift */; };
		F234864228F6A73000EBB66E /* Cart.swift in Sources */ = {isa = PBXBuildFile; fileRef = F234864128F6A73000EBB66E /* Cart.swift */; };
		F2D3593428F4DA6600724B4B /* MoissageApp.swift in Sources */ = {isa = PBXBuildFile; fileRef = F2D3593328F4DA6600724B4B /* MoissageApp.swift */; };
		F2D3593828F4DA6800724B4B /* Assets.xcassets in Resources */ = {isa = PBXBuildFile; fileRef = F2D3593728F4DA6800724B4B /* Assets.xcassets */; };
		F2D3593B28F4DA6800724B4B /* Preview Assets.xcassets in Resources */ = {isa = PBXBuildFile; fileRef = F2D3593A28F4DA6800724B4B /* Preview Assets.xcassets */; };
		F2D3594528F4DAB500724B4B /* LoginView.swift in Sources */ = {isa = PBXBuildFile; fileRef = F2D3594428F4DAB500724B4B /* LoginView.swift */; };
		F2D3594A28F4E16400724B4B /* FirebaseAuth in Frameworks */ = {isa = PBXBuildFile; productRef = F2D3594928F4E16400724B4B /* FirebaseAuth */; };
		F2D3594C28F4E16400724B4B /* FirebaseDatabaseSwift in Frameworks */ = {isa = PBXBuildFile; productRef = F2D3594B28F4E16400724B4B /* FirebaseDatabaseSwift */; };
		F2D3594F28F4E29E00724B4B /* ButtonView.swift in Sources */ = {isa = PBXBuildFile; fileRef = F2D3594E28F4E29E00724B4B /* ButtonView.swift */; };
		F2D3595128F4E33800724B4B /* InputTextFieldView.swift in Sources */ = {isa = PBXBuildFile; fileRef = F2D3595028F4E33800724B4B /* InputTextFieldView.swift */; };
		F2D3595328F4E35C00724B4B /* PasswordField.swift in Sources */ = {isa = PBXBuildFile; fileRef = F2D3595228F4E35C00724B4B /* PasswordField.swift */; };
		F2D3595628F4E54800724B4B /* RegistrationView.swift in Sources */ = {isa = PBXBuildFile; fileRef = F2D3595528F4E54800724B4B /* RegistrationView.swift */; };
		F2D3595928F4E93800724B4B /* ForgotPasswordView.swift in Sources */ = {isa = PBXBuildFile; fileRef = F2D3595828F4E93800724B4B /* ForgotPasswordView.swift */; };
		F2D3595B28F4E9F900724B4B /* DismissButton.swift in Sources */ = {isa = PBXBuildFile; fileRef = F2D3595A28F4E9F900724B4B /* DismissButton.swift */; };
		F2D3595D28F4F19A00724B4B /* GoogleService-Info.plist in Resources */ = {isa = PBXBuildFile; fileRef = F2D3595C28F4F19A00724B4B /* GoogleService-Info.plist */; };
		F2D3596028F4FF5000724B4B /* MainView.swift in Sources */ = {isa = PBXBuildFile; fileRef = F2D3595F28F4FF5000724B4B /* MainView.swift */; };
		F2D3596328F513DE00724B4B /* SessionManagerImp.swift in Sources */ = {isa = PBXBuildFile; fileRef = F2D3596228F513DE00724B4B /* SessionManagerImp.swift */; };
		F2E9478928F54B8F009B8A3F /* ForgotPasswordViewModel.swift in Sources */ = {isa = PBXBuildFile; fileRef = F2E9478828F54B8F009B8A3F /* ForgotPasswordViewModel.swift */; };
		F2E9478C28F54CA0009B8A3F /* ForgotPasswordService.swift in Sources */ = {isa = PBXBuildFile; fileRef = F2E9478B28F54CA0009B8A3F /* ForgotPasswordService.swift */; };
		F2E9479028F5584F009B8A3F /* LoginViewModel.swift in Sources */ = {isa = PBXBuildFile; fileRef = F2E9478F28F5584F009B8A3F /* LoginViewModel.swift */; };
		F2E9479328F5588C009B8A3F /* LoginService.swift in Sources */ = {isa = PBXBuildFile; fileRef = F2E9479228F5588C009B8A3F /* LoginService.swift */; };
		F2E9479628F55A3A009B8A3F /* RegistrationService.swift in Sources */ = {isa = PBXBuildFile; fileRef = F2E9479528F55A3A009B8A3F /* RegistrationService.swift */; };
		F2E9479928F55A72009B8A3F /* RegistrationViewModel.swift in Sources */ = {isa = PBXBuildFile; fileRef = F2E9479828F55A72009B8A3F /* RegistrationViewModel.swift */; };
		F2E9479B28F58203009B8A3F /* AppManager.swift in Sources */ = {isa = PBXBuildFile; fileRef = F2E9479A28F58203009B8A3F /* AppManager.swift */; };
		F2E947A028F5AB74009B8A3F /* HomeView.swift in Sources */ = {isa = PBXBuildFile; fileRef = F2E9479F28F5AB74009B8A3F /* HomeView.swift */; };
		F2E947A228F5ABE3009B8A3F /* MapViewRepresentable.swift in Sources */ = {isa = PBXBuildFile; fileRef = F2E947A128F5ABE3009B8A3F /* MapViewRepresentable.swift */; };
		F2E947A428F5AED1009B8A3F /* LocationManager.swift in Sources */ = {isa = PBXBuildFile; fileRef = F2E947A328F5AED1009B8A3F /* LocationManager.swift */; };
		F2E947A828F5B6B6009B8A3F /* MenuButton.swift in Sources */ = {isa = PBXBuildFile; fileRef = F2E947A728F5B6B6009B8A3F /* MenuButton.swift */; };
		F2E947AA28F5BA5F009B8A3F /* MassageTypeSelectionCard.swift in Sources */ = {isa = PBXBuildFile; fileRef = F2E947A928F5BA5F009B8A3F /* MassageTypeSelectionCard.swift */; };
		F2E947AD28F5BAC3009B8A3F /* StoreModel.swift in Sources */ = {isa = PBXBuildFile; fileRef = F2E947AC28F5BAC3009B8A3F /* StoreModel.swift */; };
		F2E947B128F5D218009B8A3F /* OrderDetialView.swift in Sources */ = {isa = PBXBuildFile; fileRef = F2E947B028F5D218009B8A3F /* OrderDetialView.swift */; };
		F2E947B628F5E760009B8A3F /* SideMenuView.swift in Sources */ = {isa = PBXBuildFile; fileRef = F2E947B528F5E760009B8A3F /* SideMenuView.swift */; };
		F2E947B828F5E8C3009B8A3F /* SideMenuHeader.swift in Sources */ = {isa = PBXBuildFile; fileRef = F2E947B728F5E8C3009B8A3F /* SideMenuHeader.swift */; };
		F2E947BA28F5EB70009B8A3F /* SideMenuCells.swift in Sources */ = {isa = PBXBuildFile; fileRef = F2E947B928F5EB70009B8A3F /* SideMenuCells.swift */; };
/* End PBXBuildFile section */

/* Begin PBXFileReference section */
		F234863E28F69F1700EBB66E /* CartViewModel.swift */ = {isa = PBXFileReference; lastKnownFileType = sourcecode.swift; path = CartViewModel.swift; sourceTree = "<group>"; };
		F234864128F6A73000EBB66E /* Cart.swift */ = {isa = PBXFileReference; lastKnownFileType = sourcecode.swift; path = Cart.swift; sourceTree = "<group>"; };
		F2D3593028F4DA6600724B4B /* Moissage.app */ = {isa = PBXFileReference; explicitFileType = wrapper.application; includeInIndex = 0; path = Moissage.app; sourceTree = BUILT_PRODUCTS_DIR; };
		F2D3593328F4DA6600724B4B /* MoissageApp.swift */ = {isa = PBXFileReference; lastKnownFileType = sourcecode.swift; path = MoissageApp.swift; sourceTree = "<group>"; };
		F2D3593728F4DA6800724B4B /* Assets.xcassets */ = {isa = PBXFileReference; lastKnownFileType = folder.assetcatalog; path = Assets.xcassets; sourceTree = "<group>"; };
		F2D3593A28F4DA6800724B4B /* Preview Assets.xcassets */ = {isa = PBXFileReference; lastKnownFileType = folder.assetcatalog; path = "Preview Assets.xcassets"; sourceTree = "<group>"; };
		F2D3594428F4DAB500724B4B /* LoginView.swift */ = {isa = PBXFileReference; lastKnownFileType = sourcecode.swift; path = LoginView.swift; sourceTree = "<group>"; };
		F2D3594E28F4E29E00724B4B /* ButtonView.swift */ = {isa = PBXFileReference; lastKnownFileType = sourcecode.swift; path = ButtonView.swift; sourceTree = "<group>"; };
		F2D3595028F4E33800724B4B /* InputTextFieldView.swift */ = {isa = PBXFileReference; lastKnownFileType = sourcecode.swift; path = InputTextFieldView.swift; sourceTree = "<group>"; };
		F2D3595228F4E35C00724B4B /* PasswordField.swift */ = {isa = PBXFileReference; lastKnownFileType = sourcecode.swift; path = PasswordField.swift; sourceTree = "<group>"; };
		F2D3595528F4E54800724B4B /* RegistrationView.swift */ = {isa = PBXFileReference; lastKnownFileType = sourcecode.swift; path = RegistrationView.swift; sourceTree = "<group>"; };
		F2D3595828F4E93800724B4B /* ForgotPasswordView.swift */ = {isa = PBXFileReference; lastKnownFileType = sourcecode.swift; path = ForgotPasswordView.swift; sourceTree = "<group>"; };
		F2D3595A28F4E9F900724B4B /* DismissButton.swift */ = {isa = PBXFileReference; lastKnownFileType = sourcecode.swift; path = DismissButton.swift; sourceTree = "<group>"; };
		F2D3595C28F4F19A00724B4B /* GoogleService-Info.plist */ = {isa = PBXFileReference; fileEncoding = 4; lastKnownFileType = text.plist.xml; path = "GoogleService-Info.plist"; sourceTree = "<group>"; };
		F2D3595F28F4FF5000724B4B /* MainView.swift */ = {isa = PBXFileReference; lastKnownFileType = sourcecode.swift; path = MainView.swift; sourceTree = "<group>"; };
		F2D3596228F513DE00724B4B /* SessionManagerImp.swift */ = {isa = PBXFileReference; lastKnownFileType = sourcecode.swift; path = SessionManagerImp.swift; sourceTree = "<group>"; };
		F2E9478828F54B8F009B8A3F /* ForgotPasswordViewModel.swift */ = {isa = PBXFileReference; lastKnownFileType = sourcecode.swift; path = ForgotPasswordViewModel.swift; sourceTree = "<group>"; };
		F2E9478B28F54CA0009B8A3F /* ForgotPasswordService.swift */ = {isa = PBXFileReference; lastKnownFileType = sourcecode.swift; path = ForgotPasswordService.swift; sourceTree = "<group>"; };
		F2E9478F28F5584F009B8A3F /* LoginViewModel.swift */ = {isa = PBXFileReference; lastKnownFileType = sourcecode.swift; path = LoginViewModel.swift; sourceTree = "<group>"; };
		F2E9479228F5588C009B8A3F /* LoginService.swift */ = {isa = PBXFileReference; lastKnownFileType = sourcecode.swift; path = LoginService.swift; sourceTree = "<group>"; };
		F2E9479528F55A3A009B8A3F /* RegistrationService.swift */ = {isa = PBXFileReference; lastKnownFileType = sourcecode.swift; path = RegistrationService.swift; sourceTree = "<group>"; };
		F2E9479828F55A72009B8A3F /* RegistrationViewModel.swift */ = {isa = PBXFileReference; lastKnownFileType = sourcecode.swift; path = RegistrationViewModel.swift; sourceTree = "<group>"; };
		F2E9479A28F58203009B8A3F /* AppManager.swift */ = {isa = PBXFileReference; lastKnownFileType = sourcecode.swift; path = AppManager.swift; sourceTree = "<group>"; };
		F2E9479F28F5AB74009B8A3F /* HomeView.swift */ = {isa = PBXFileReference; lastKnownFileType = sourcecode.swift; path = HomeView.swift; sourceTree = "<group>"; };
		F2E947A128F5ABE3009B8A3F /* MapViewRepresentable.swift */ = {isa = PBXFileReference; lastKnownFileType = sourcecode.swift; path = MapViewRepresentable.swift; sourceTree = "<group>"; };
		F2E947A328F5AED1009B8A3F /* LocationManager.swift */ = {isa = PBXFileReference; lastKnownFileType = sourcecode.swift; path = LocationManager.swift; sourceTree = "<group>"; };
		F2E947A728F5B6B6009B8A3F /* MenuButton.swift */ = {isa = PBXFileReference; lastKnownFileType = sourcecode.swift; path = MenuButton.swift; sourceTree = "<group>"; };
		F2E947A928F5BA5F009B8A3F /* MassageTypeSelectionCard.swift */ = {isa = PBXFileReference; lastKnownFileType = sourcecode.swift; path = MassageTypeSelectionCard.swift; sourceTree = "<group>"; };
		F2E947AC28F5BAC3009B8A3F /* StoreModel.swift */ = {isa = PBXFileReference; lastKnownFileType = sourcecode.swift; path = StoreModel.swift; sourceTree = "<group>"; };
		F2E947B028F5D218009B8A3F /* OrderDetialView.swift */ = {isa = PBXFileReference; lastKnownFileType = sourcecode.swift; path = OrderDetialView.swift; sourceTree = "<group>"; };
		F2E947B528F5E760009B8A3F /* SideMenuView.swift */ = {isa = PBXFileReference; lastKnownFileType = sourcecode.swift; path = SideMenuView.swift; sourceTree = "<group>"; };
		F2E947B728F5E8C3009B8A3F /* SideMenuHeader.swift */ = {isa = PBXFileReference; lastKnownFileType = sourcecode.swift; path = SideMenuHeader.swift; sourceTree = "<group>"; };
		F2E947B928F5EB70009B8A3F /* SideMenuCells.swift */ = {isa = PBXFileReference; lastKnownFileType = sourcecode.swift; path = SideMenuCells.swift; sourceTree = "<group>"; };
/* End PBXFileReference section */

/* Begin PBXFrameworksBuildPhase section */
		F2D3592D28F4DA6600724B4B /* Frameworks */ = {
			isa = PBXFrameworksBuildPhase;
			buildActionMask = 2147483647;
			files = (
				F2D3594C28F4E16400724B4B /* FirebaseDatabaseSwift in Frameworks */,
				F2D3594A28F4E16400724B4B /* FirebaseAuth in Frameworks */,
			);
			runOnlyForDeploymentPostprocessing = 0;
		};
/* End PBXFrameworksBuildPhase section */

/* Begin PBXGroup section */
		F234864028F6A71E00EBB66E /* Model */ = {
			isa = PBXGroup;
			children = (
				F234864128F6A73000EBB66E /* Cart.swift */,
			);
			path = Model;
			sourceTree = "<group>";
		};
		F2D3592728F4DA6600724B4B = {
			isa = PBXGroup;
			children = (
				F2D3595C28F4F19A00724B4B /* GoogleService-Info.plist */,
				F2D3593228F4DA6600724B4B /* Moissage */,
				F2D3593128F4DA6600724B4B /* Products */,
			);
			sourceTree = "<group>";
		};
		F2D3593128F4DA6600724B4B /* Products */ = {
			isa = PBXGroup;
			children = (
				F2D3593028F4DA6600724B4B /* Moissage.app */,
			);
			name = Products;
			sourceTree = "<group>";
		};
		F2D3593228F4DA6600724B4B /* Moissage */ = {
			isa = PBXGroup;
			children = (
				F2E947AB28F5BAB3009B8A3F /* Models */,
				F2E9479C28F5AB4A009B8A3F /* Core */,
				F2D3596128F513BB00724B4B /* Manager */,
				F2D3595E28F4FF3A00724B4B /* HomeView */,
				F2D3594228F4DA9700724B4B /* LoginRegister */,
				F2D3594128F4DA8800724B4B /* App */,
				F2D3593728F4DA6800724B4B /* Assets.xcassets */,
				F2D3593928F4DA6800724B4B /* Preview Content */,
			);
			path = Moissage;
			sourceTree = "<group>";
		};
		F2D3593928F4DA6800724B4B /* Preview Content */ = {
			isa = PBXGroup;
			children = (
				F2D3593A28F4DA6800724B4B /* Preview Assets.xcassets */,
			);
			path = "Preview Content";
			sourceTree = "<group>";
		};
		F2D3594128F4DA8800724B4B /* App */ = {
			isa = PBXGroup;
			children = (
				F2D3593328F4DA6600724B4B /* MoissageApp.swift */,
			);
			path = App;
			sourceTree = "<group>";
		};
		F2D3594228F4DA9700724B4B /* LoginRegister */ = {
			isa = PBXGroup;
			children = (
				F2D3595728F4E92200724B4B /* ForgotPassword */,
				F2D3595428F4E51000724B4B /* Registration */,
				F2D3594D28F4E28300724B4B /* Components */,
				F2D3594328F4DAA000724B4B /* Login */,
			);
			path = LoginRegister;
			sourceTree = "<group>";
		};
		F2D3594328F4DAA000724B4B /* Login */ = {
			isa = PBXGroup;
			children = (
				F2E9479128F55864009B8A3F /* Service */,
				F2E9478E28F5583B009B8A3F /* ViewModel */,
				F2D3594428F4DAB500724B4B /* LoginView.swift */,
			);
			path = Login;
			sourceTree = "<group>";
		};
		F2D3594D28F4E28300724B4B /* Components */ = {
			isa = PBXGroup;
			children = (
				F2D3594E28F4E29E00724B4B /* ButtonView.swift */,
				F2D3595028F4E33800724B4B /* InputTextFieldView.swift */,
				F2D3595228F4E35C00724B4B /* PasswordField.swift */,
				F2D3595A28F4E9F900724B4B /* DismissButton.swift */,
			);
			path = Components;
			sourceTree = "<group>";
		};
		F2D3595428F4E51000724B4B /* Registration */ = {
			isa = PBXGroup;
			children = (
				F2E9479428F55A1E009B8A3F /* Service */,
				F2E9479728F55A4B009B8A3F /* ViewModel */,
				F2D3595528F4E54800724B4B /* RegistrationView.swift */,
			);
			path = Registration;
			sourceTree = "<group>";
		};
		F2D3595728F4E92200724B4B /* ForgotPassword */ = {
			isa = PBXGroup;
			children = (
				F2D3595828F4E93800724B4B /* ForgotPasswordView.swift */,
				F2E9478A28F54C8C009B8A3F /* Service */,
				F2E9478728F54B77009B8A3F /* ViewModel */,
			);
			path = ForgotPassword;
			sourceTree = "<group>";
		};
		F2D3595E28F4FF3A00724B4B /* HomeView */ = {
			isa = PBXGroup;
			children = (
				F2D3595F28F4FF5000724B4B /* MainView.swift */,
			);
			path = HomeView;
			sourceTree = "<group>";
		};
		F2D3596128F513BB00724B4B /* Manager */ = {
			isa = PBXGroup;
			children = (
				F2D3596228F513DE00724B4B /* SessionManagerImp.swift */,
				F2E9479A28F58203009B8A3F /* AppManager.swift */,
				F2E947A328F5AED1009B8A3F /* LocationManager.swift */,
			);
			path = Manager;
			sourceTree = "<group>";
		};
		F2E9478728F54B77009B8A3F /* ViewModel */ = {
			isa = PBXGroup;
			children = (
				F2E9478828F54B8F009B8A3F /* ForgotPasswordViewModel.swift */,
			);
			path = ViewModel;
			sourceTree = "<group>";
		};
		F2E9478A28F54C8C009B8A3F /* Service */ = {
			isa = PBXGroup;
			children = (
				F2E9478B28F54CA0009B8A3F /* ForgotPasswordService.swift */,
			);
			path = Service;
			sourceTree = "<group>";
		};
		F2E9478E28F5583B009B8A3F /* ViewModel */ = {
			isa = PBXGroup;
			children = (
				F2E9478F28F5584F009B8A3F /* LoginViewModel.swift */,
			);
			path = ViewModel;
			sourceTree = "<group>";
		};
		F2E9479128F55864009B8A3F /* Service */ = {
			isa = PBXGroup;
			children = (
				F2E9479228F5588C009B8A3F /* LoginService.swift */,
			);
			path = Service;
			sourceTree = "<group>";
		};
		F2E9479428F55A1E009B8A3F /* Service */ = {
			isa = PBXGroup;
			children = (
				F2E9479528F55A3A009B8A3F /* RegistrationService.swift */,
			);
			path = Service;
			sourceTree = "<group>";
		};
		F2E9479728F55A4B009B8A3F /* ViewModel */ = {
			isa = PBXGroup;
			children = (
				F2E9479828F55A72009B8A3F /* RegistrationViewModel.swift */,
			);
			path = ViewModel;
			sourceTree = "<group>";
		};
		F2E9479C28F5AB4A009B8A3F /* Core */ = {
			isa = PBXGroup;
			children = (
				F2E947B228F5E708009B8A3F /* SideMenu */,
				F2E947AE28F5D1EF009B8A3F /* Order */,
				F2E947A628F5B697009B8A3F /* Components */,
				F2E947A528F5B5A3009B8A3F /* Home */,
			);
			path = Core;
			sourceTree = "<group>";
		};
		F2E9479D28F5AB52009B8A3F /* View */ = {
			isa = PBXGroup;
			children = (
				F2E9479F28F5AB74009B8A3F /* HomeView.swift */,
				F2E947A128F5ABE3009B8A3F /* MapViewRepresentable.swift */,
				F2E947A928F5BA5F009B8A3F /* MassageTypeSelectionCard.swift */,
			);
			path = View;
			sourceTree = "<group>";
		};
		F2E9479E28F5AB5A009B8A3F /* ViewModel */ = {
			isa = PBXGroup;
			children = (
				F234863E28F69F1700EBB66E /* CartViewModel.swift */,
			);
			path = ViewModel;
			sourceTree = "<group>";
		};
		F2E947A528F5B5A3009B8A3F /* Home */ = {
			isa = PBXGroup;
			children = (
				F234864028F6A71E00EBB66E /* Model */,
				F2E9479E28F5AB5A009B8A3F /* ViewModel */,
				F2E9479D28F5AB52009B8A3F /* View */,
			);
			path = Home;
			sourceTree = "<group>";
		};
		F2E947A628F5B697009B8A3F /* Components */ = {
			isa = PBXGroup;
			children = (
				F2E947A728F5B6B6009B8A3F /* MenuButton.swift */,
			);
			path = Components;
			sourceTree = "<group>";
		};
		F2E947AB28F5BAB3009B8A3F /* Models */ = {
			isa = PBXGroup;
			children = (
				F2E947AC28F5BAC3009B8A3F /* StoreModel.swift */,
			);
			path = Models;
			sourceTree = "<group>";
		};
		F2E947AE28F5D1EF009B8A3F /* Order */ = {
			isa = PBXGroup;
			children = (
				F2E947AF28F5D1FF009B8A3F /* View */,
			);
			path = Order;
			sourceTree = "<group>";
		};
		F2E947AF28F5D1FF009B8A3F /* View */ = {
			isa = PBXGroup;
			children = (
				F2E947B028F5D218009B8A3F /* OrderDetialView.swift */,
			);
			path = View;
			sourceTree = "<group>";
		};
		F2E947B228F5E708009B8A3F /* SideMenu */ = {
			isa = PBXGroup;
			children = (
				F2E947B428F5E720009B8A3F /* ViewModel */,
				F2E947B328F5E71A009B8A3F /* View */,
			);
			path = SideMenu;
			sourceTree = "<group>";
		};
		F2E947B328F5E71A009B8A3F /* View */ = {
			isa = PBXGroup;
			children = (
				F2E947B528F5E760009B8A3F /* SideMenuView.swift */,
				F2E947B728F5E8C3009B8A3F /* SideMenuHeader.swift */,
				F2E947B928F5EB70009B8A3F /* SideMenuCells.swift */,
			);
			path = View;
			sourceTree = "<group>";
		};
		F2E947B428F5E720009B8A3F /* ViewModel */ = {
			isa = PBXGroup;
			children = (
			);
			path = ViewModel;
			sourceTree = "<group>";
		};
/* End PBXGroup section */

/* Begin PBXNativeTarget section */
		F2D3592F28F4DA6600724B4B /* Moissage */ = {
			isa = PBXNativeTarget;
			buildConfigurationList = F2D3593E28F4DA6800724B4B /* Build configuration list for PBXNativeTarget "Moissage" */;
			buildPhases = (
				F2D3592C28F4DA6600724B4B /* Sources */,
				F2D3592D28F4DA6600724B4B /* Frameworks */,
				F2D3592E28F4DA6600724B4B /* Resources */,
			);
			buildRules = (
			);
			dependencies = (
			);
			name = Moissage;
			packageProductDependencies = (
				F2D3594928F4E16400724B4B /* FirebaseAuth */,
				F2D3594B28F4E16400724B4B /* FirebaseDatabaseSwift */,
			);
			productName = Moissage;
			productReference = F2D3593028F4DA6600724B4B /* Moissage.app */;
			productType = "com.apple.product-type.application";
		};
/* End PBXNativeTarget section */

/* Begin PBXProject section */
		F2D3592828F4DA6600724B4B /* Project object */ = {
			isa = PBXProject;
			attributes = {
				BuildIndependentTargetsInParallel = 1;
				LastSwiftUpdateCheck = 1400;
				LastUpgradeCheck = 1400;
				TargetAttributes = {
					F2D3592F28F4DA6600724B4B = {
						CreatedOnToolsVersion = 14.0.1;
					};
				};
			};
			buildConfigurationList = F2D3592B28F4DA6600724B4B /* Build configuration list for PBXProject "Moissage" */;
			compatibilityVersion = "Xcode 14.0";
			developmentRegion = en;
			hasScannedForEncodings = 0;
			knownRegions = (
				en,
				Base,
			);
			mainGroup = F2D3592728F4DA6600724B4B;
			packageReferences = (
				F2D3594828F4E16400724B4B /* XCRemoteSwiftPackageReference "firebase-ios-sdk" */,
			);
			productRefGroup = F2D3593128F4DA6600724B4B /* Products */;
			projectDirPath = "";
			projectRoot = "";
			targets = (
				F2D3592F28F4DA6600724B4B /* Moissage */,
			);
		};
/* End PBXProject section */

/* Begin PBXResourcesBuildPhase section */
		F2D3592E28F4DA6600724B4B /* Resources */ = {
			isa = PBXResourcesBuildPhase;
			buildActionMask = 2147483647;
			files = (
				F2D3593B28F4DA6800724B4B /* Preview Assets.xcassets in Resources */,
				F2D3593828F4DA6800724B4B /* Assets.xcassets in Resources */,
				F2D3595D28F4F19A00724B4B /* GoogleService-Info.plist in Resources */,
			);
			runOnlyForDeploymentPostprocessing = 0;
		};
/* End PBXResourcesBuildPhase section */

/* Begin PBXSourcesBuildPhase section */
		F2D3592C28F4DA6600724B4B /* Sources */ = {
			isa = PBXSourcesBuildPhase;
			buildActionMask = 2147483647;
			files = (
				F234864228F6A73000EBB66E /* Cart.swift in Sources */,
				F2D3594528F4DAB500724B4B /* LoginView.swift in Sources */,
				F2E9479628F55A3A009B8A3F /* RegistrationService.swift in Sources */,
				F2E947A828F5B6B6009B8A3F /* MenuButton.swift in Sources */,
				F2D3596028F4FF5000724B4B /* MainView.swift in Sources */,
				F2E947BA28F5EB70009B8A3F /* SideMenuCells.swift in Sources */,
				F2E947AA28F5BA5F009B8A3F /* MassageTypeSelectionCard.swift in Sources */,
				F2D3595928F4E93800724B4B /* ForgotPasswordView.swift in Sources */,
				F2E947AD28F5BAC3009B8A3F /* StoreModel.swift in Sources */,
				F2E947B628F5E760009B8A3F /* SideMenuView.swift in Sources */,
				F2E947B828F5E8C3009B8A3F /* SideMenuHeader.swift in Sources */,
				F234863F28F69F1700EBB66E /* CartViewModel.swift in Sources */,
				F2E9478C28F54CA0009B8A3F /* ForgotPasswordService.swift in Sources */,
				F2D3596328F513DE00724B4B /* SessionManagerImp.swift in Sources */,
				F2D3593428F4DA6600724B4B /* MoissageApp.swift in Sources */,
				F2E947B128F5D218009B8A3F /* OrderDetialView.swift in Sources */,
				F2D3594F28F4E29E00724B4B /* ButtonView.swift in Sources */,
				F2E9478928F54B8F009B8A3F /* ForgotPasswordViewModel.swift in Sources */,
				F2E947A028F5AB74009B8A3F /* HomeView.swift in Sources */,
				F2E947A228F5ABE3009B8A3F /* MapViewRepresentable.swift in Sources */,
				F2E9479028F5584F009B8A3F /* LoginViewModel.swift in Sources */,
				F2E947A428F5AED1009B8A3F /* LocationManager.swift in Sources */,
				F2D3595628F4E54800724B4B /* RegistrationView.swift in Sources */,
				F2E9479B28F58203009B8A3F /* AppManager.swift in Sources */,
				F2D3595328F4E35C00724B4B /* PasswordField.swift in Sources */,
				F2D3595B28F4E9F900724B4B /* DismissButton.swift in Sources */,
				F2E9479928F55A72009B8A3F /* RegistrationViewModel.swift in Sources */,
				F2D3595128F4E33800724B4B /* InputTextFieldView.swift in Sources */,
				F2E9479328F5588C009B8A3F /* LoginService.swift in Sources */,
			);
			runOnlyForDeploymentPostprocessing = 0;
		};
/* End PBXSourcesBuildPhase section */

/* Begin XCBuildConfiguration section */
		F2D3593C28F4DA6800724B4B /* Debug */ = {
			isa = XCBuildConfiguration;
			buildSettings = {
				ALWAYS_SEARCH_USER_PATHS = NO;
				CLANG_ANALYZER_NONNULL = YES;
				CLANG_ANALYZER_NUMBER_OBJECT_CONVERSION = YES_AGGRESSIVE;
				CLANG_CXX_LANGUAGE_STANDARD = "gnu++20";
				CLANG_ENABLE_MODULES = YES;
				CLANG_ENABLE_OBJC_ARC = YES;
				CLANG_ENABLE_OBJC_WEAK = YES;
				CLANG_WARN_BLOCK_CAPTURE_AUTORELEASING = YES;
				CLANG_WARN_BOOL_CONVERSION = YES;
				CLANG_WARN_COMMA = YES;
				CLANG_WARN_CONSTANT_CONVERSION = YES;
				CLANG_WARN_DEPRECATED_OBJC_IMPLEMENTATIONS = YES;
				CLANG_WARN_DIRECT_OBJC_ISA_USAGE = YES_ERROR;
				CLANG_WARN_DOCUMENTATION_COMMENTS = YES;
				CLANG_WARN_EMPTY_BODY = YES;
				CLANG_WARN_ENUM_CONVERSION = YES;
				CLANG_WARN_INFINITE_RECURSION = YES;
				CLANG_WARN_INT_CONVERSION = YES;
				CLANG_WARN_NON_LITERAL_NULL_CONVERSION = YES;
				CLANG_WARN_OBJC_IMPLICIT_RETAIN_SELF = YES;
				CLANG_WARN_OBJC_LITERAL_CONVERSION = YES;
				CLANG_WARN_OBJC_ROOT_CLASS = YES_ERROR;
				CLANG_WARN_QUOTED_INCLUDE_IN_FRAMEWORK_HEADER = YES;
				CLANG_WARN_RANGE_LOOP_ANALYSIS = YES;
				CLANG_WARN_STRICT_PROTOTYPES = YES;
				CLANG_WARN_SUSPICIOUS_MOVE = YES;
				CLANG_WARN_UNGUARDED_AVAILABILITY = YES_AGGRESSIVE;
				CLANG_WARN_UNREACHABLE_CODE = YES;
				CLANG_WARN__DUPLICATE_METHOD_MATCH = YES;
				COPY_PHASE_STRIP = NO;
				DEBUG_INFORMATION_FORMAT = dwarf;
				ENABLE_STRICT_OBJC_MSGSEND = YES;
				ENABLE_TESTABILITY = YES;
				GCC_C_LANGUAGE_STANDARD = gnu11;
				GCC_DYNAMIC_NO_PIC = NO;
				GCC_NO_COMMON_BLOCKS = YES;
				GCC_OPTIMIZATION_LEVEL = 0;
				GCC_PREPROCESSOR_DEFINITIONS = (
					"DEBUG=1",
					"$(inherited)",
				);
				GCC_WARN_64_TO_32_BIT_CONVERSION = YES;
				GCC_WARN_ABOUT_RETURN_TYPE = YES_ERROR;
				GCC_WARN_UNDECLARED_SELECTOR = YES;
				GCC_WARN_UNINITIALIZED_AUTOS = YES_AGGRESSIVE;
				GCC_WARN_UNUSED_FUNCTION = YES;
				GCC_WARN_UNUSED_VARIABLE = YES;
				IPHONEOS_DEPLOYMENT_TARGET = 16.0;
				MTL_ENABLE_DEBUG_INFO = INCLUDE_SOURCE;
				MTL_FAST_MATH = YES;
				ONLY_ACTIVE_ARCH = YES;
				SDKROOT = iphoneos;
				SWIFT_ACTIVE_COMPILATION_CONDITIONS = DEBUG;
				SWIFT_OPTIMIZATION_LEVEL = "-Onone";
			};
			name = Debug;
		};
		F2D3593D28F4DA6800724B4B /* Release */ = {
			isa = XCBuildConfiguration;
			buildSettings = {
				ALWAYS_SEARCH_USER_PATHS = NO;
				CLANG_ANALYZER_NONNULL = YES;
				CLANG_ANALYZER_NUMBER_OBJECT_CONVERSION = YES_AGGRESSIVE;
				CLANG_CXX_LANGUAGE_STANDARD = "gnu++20";
				CLANG_ENABLE_MODULES = YES;
				CLANG_ENABLE_OBJC_ARC = YES;
				CLANG_ENABLE_OBJC_WEAK = YES;
				CLANG_WARN_BLOCK_CAPTURE_AUTORELEASING = YES;
				CLANG_WARN_BOOL_CONVERSION = YES;
				CLANG_WARN_COMMA = YES;
				CLANG_WARN_CONSTANT_CONVERSION = YES;
				CLANG_WARN_DEPRECATED_OBJC_IMPLEMENTATIONS = YES;
				CLANG_WARN_DIRECT_OBJC_ISA_USAGE = YES_ERROR;
				CLANG_WARN_DOCUMENTATION_COMMENTS = YES;
				CLANG_WARN_EMPTY_BODY = YES;
				CLANG_WARN_ENUM_CONVERSION = YES;
				CLANG_WARN_INFINITE_RECURSION = YES;
				CLANG_WARN_INT_CONVERSION = YES;
				CLANG_WARN_NON_LITERAL_NULL_CONVERSION = YES;
				CLANG_WARN_OBJC_IMPLICIT_RETAIN_SELF = YES;
				CLANG_WARN_OBJC_LITERAL_CONVERSION = YES;
				CLANG_WARN_OBJC_ROOT_CLASS = YES_ERROR;
				CLANG_WARN_QUOTED_INCLUDE_IN_FRAMEWORK_HEADER = YES;
				CLANG_WARN_RANGE_LOOP_ANALYSIS = YES;
				CLANG_WARN_STRICT_PROTOTYPES = YES;
				CLANG_WARN_SUSPICIOUS_MOVE = YES;
				CLANG_WARN_UNGUARDED_AVAILABILITY = YES_AGGRESSIVE;
				CLANG_WARN_UNREACHABLE_CODE = YES;
				CLANG_WARN__DUPLICATE_METHOD_MATCH = YES;
				COPY_PHASE_STRIP = NO;
				DEBUG_INFORMATION_FORMAT = "dwarf-with-dsym";
				ENABLE_NS_ASSERTIONS = NO;
				ENABLE_STRICT_OBJC_MSGSEND = YES;
				GCC_C_LANGUAGE_STANDARD = gnu11;
				GCC_NO_COMMON_BLOCKS = YES;
				GCC_WARN_64_TO_32_BIT_CONVERSION = YES;
				GCC_WARN_ABOUT_RETURN_TYPE = YES_ERROR;
				GCC_WARN_UNDECLARED_SELECTOR = YES;
				GCC_WARN_UNINITIALIZED_AUTOS = YES_AGGRESSIVE;
				GCC_WARN_UNUSED_FUNCTION = YES;
				GCC_WARN_UNUSED_VARIABLE = YES;
				IPHONEOS_DEPLOYMENT_TARGET = 16.0;
				MTL_ENABLE_DEBUG_INFO = NO;
				MTL_FAST_MATH = YES;
				SDKROOT = iphoneos;
				SWIFT_COMPILATION_MODE = wholemodule;
				SWIFT_OPTIMIZATION_LEVEL = "-O";
				VALIDATE_PRODUCT = YES;
			};
			name = Release;
		};
		F2D3593F28F4DA6800724B4B /* Debug */ = {
			isa = XCBuildConfiguration;
			buildSettings = {
				ASSETCATALOG_COMPILER_APPICON_NAME = AppIcon;
				ASSETCATALOG_COMPILER_GLOBAL_ACCENT_COLOR_NAME = AccentColor;
				CODE_SIGN_STYLE = Automatic;
				CURRENT_PROJECT_VERSION = 1;
				DEVELOPMENT_ASSET_PATHS = "\"Moissage/Preview Content\"";
				ENABLE_PREVIEWS = YES;
				GENERATE_INFOPLIST_FILE = YES;
				INFOPLIST_KEY_NSLocationWhenInUseUsageDescription = "Your Location will be used to find you the closest massage therapist";
				INFOPLIST_KEY_UIApplicationSceneManifest_Generation = YES;
				INFOPLIST_KEY_UIApplicationSupportsIndirectInputEvents = YES;
				INFOPLIST_KEY_UILaunchScreen_Generation = YES;
				INFOPLIST_KEY_UISupportedInterfaceOrientations = UIInterfaceOrientationPortrait;
				INFOPLIST_KEY_UISupportedInterfaceOrientations_iPad = "UIInterfaceOrientationPortrait UIInterfaceOrientationPortraitUpsideDown";
				IPHONEOS_DEPLOYMENT_TARGET = 14.0;
				LD_RUNPATH_SEARCH_PATHS = (
					"$(inherited)",
					"@executable_path/Frameworks",
				);
				MARKETING_VERSION = 1.0;
				PRODUCT_BUNDLE_IDENTIFIER = SamanSaryazdi.Moissage;
				PRODUCT_NAME = "$(TARGET_NAME)";
				SWIFT_EMIT_LOC_STRINGS = YES;
				SWIFT_VERSION = 5.0;
				TARGETED_DEVICE_FAMILY = "1,2";
			};
			name = Debug;
		};
		F2D3594028F4DA6800724B4B /* Release */ = {
			isa = XCBuildConfiguration;
			buildSettings = {
				ASSETCATALOG_COMPILER_APPICON_NAME = AppIcon;
				ASSETCATALOG_COMPILER_GLOBAL_ACCENT_COLOR_NAME = AccentColor;
				CODE_SIGN_STYLE = Automatic;
				CURRENT_PROJECT_VERSION = 1;
				DEVELOPMENT_ASSET_PATHS = "\"Moissage/Preview Content\"";
				ENABLE_PREVIEWS = YES;
				GENERATE_INFOPLIST_FILE = YES;
				INFOPLIST_KEY_NSLocationWhenInUseUsageDescription = "Your Location will be used to find you the closest massage therapist";
				INFOPLIST_KEY_UIApplicationSceneManifest_Generation = YES;
				INFOPLIST_KEY_UIApplicationSupportsIndirectInputEvents = YES;
				INFOPLIST_KEY_UILaunchScreen_Generation = YES;
				INFOPLIST_KEY_UISupportedInterfaceOrientations = UIInterfaceOrientationPortrait;
				INFOPLIST_KEY_UISupportedInterfaceOrientations_iPad = "UIInterfaceOrientationPortrait UIInterfaceOrientationPortraitUpsideDown";
				IPHONEOS_DEPLOYMENT_TARGET = 14.0;
				LD_RUNPATH_SEARCH_PATHS = (
					"$(inherited)",
					"@executable_path/Frameworks",
				);
				MARKETING_VERSION = 1.0;
				PRODUCT_BUNDLE_IDENTIFIER = SamanSaryazdi.Moissage;
				PRODUCT_NAME = "$(TARGET_NAME)";
				SWIFT_EMIT_LOC_STRINGS = YES;
				SWIFT_VERSION = 5.0;
				TARGETED_DEVICE_FAMILY = "1,2";
			};
			name = Release;
		};
/* End XCBuildConfiguration section */

/* Begin XCConfigurationList section */
		F2D3592B28F4DA6600724B4B /* Build configuration list for PBXProject "Moissage" */ = {
			isa = XCConfigurationList;
			buildConfigurations = (
				F2D3593C28F4DA6800724B4B /* Debug */,
				F2D3593D28F4DA6800724B4B /* Release */,
			);
			defaultConfigurationIsVisible = 0;
			defaultConfigurationName = Release;
		};
		F2D3593E28F4DA6800724B4B /* Build configuration list for PBXNativeTarget "Moissage" */ = {
			isa = XCConfigurationList;
			buildConfigurations = (
				F2D3593F28F4DA6800724B4B /* Debug */,
				F2D3594028F4DA6800724B4B /* Release */,
			);
			defaultConfigurationIsVisible = 0;
			defaultConfigurationName = Release;
		};
/* End XCConfigurationList section */

/* Begin XCRemoteSwiftPackageReference section */
		F2D3594828F4E16400724B4B /* XCRemoteSwiftPackageReference "firebase-ios-sdk" */ = {
			isa = XCRemoteSwiftPackageReference;
			repositoryURL = "https://github.com/firebase/firebase-ios-sdk.git";
			requirement = {
				kind = upToNextMajorVersion;
				minimumVersion = 9.0.0;
			};
		};
/* End XCRemoteSwiftPackageReference section */

/* Begin XCSwiftPackageProductDependency section */
		F2D3594928F4E16400724B4B /* FirebaseAuth */ = {
			isa = XCSwiftPackageProductDependency;
			package = F2D3594828F4E16400724B4B /* XCRemoteSwiftPackageReference "firebase-ios-sdk" */;
			productName = FirebaseAuth;
		};
		F2D3594B28F4E16400724B4B /* FirebaseDatabaseSwift */ = {
			isa = XCSwiftPackageProductDependency;
			package = F2D3594828F4E16400724B4B /* XCRemoteSwiftPackageReference "firebase-ios-sdk" */;
			productName = FirebaseDatabaseSwift;
		};
/* End XCSwiftPackageProductDependency section */
	};
	rootObject = F2D3592828F4DA6600724B4B /* Project object */;
}
